
Microsoft Visual Studio Solution File, Format Version 12.00
# Visual Studio Version 18
VisualStudioVersion = 18.1.11312.151 d18.0
MinimumVisualStudioVersion = 10.0.40219.1
Project("{FAE04EC0-301F-11D3-BF4B-00C04F79EFBC}") = "XTServe", "XTServe.csproj", "{292E5084-4E9D-AA50-EDA7-3083FE0F7EE6}"
EndProject
Global
	GlobalSection(SolutionConfigurationPlatforms) = preSolution
		Debug|Any CPU = Debug|Any CPU
		Release|Any CPU = Release|Any CPU
	EndGlobalSection
	GlobalSection(ProjectConfigurationPlatforms) = postSolution
		{292E5084-4E9D-AA50-EDA7-3083FE0F7EE6}.Debug|Any CPU.ActiveCfg = Debug|Any CPU
		{292E5084-4E9D-AA50-EDA7-3083FE0F7EE6}.Debug|Any CPU.Build.0 = Debug|Any CPU
		{292E5084-4E9D-AA50-EDA7-3083FE0F7EE6}.Release|Any CPU.ActiveCfg = Release|Any CPU
		{292E5084-4E9D-AA50-EDA7-3083FE0F7EE6}.Release|Any CPU.Build.0 = Release|Any CPU
	EndGlobalSection
	GlobalSection(SolutionProperties) = preSolution
		HideSolutionNode = FALSE
	EndGlobalSection
	GlobalSection(ExtensibilityGlobals) = postSolution
		SolutionGuid = {9946A614-8D82-4D2E-9194-5E17904ED340}
	EndGlobalSection
EndGlobal
